
Microsoft Visual Studio Solution File, Format Version 12.00
# Visual Studio Version 17
VisualStudioVersion = 17.11.35327.3
MinimumVisualStudioVersion = 10.0.40219.1
Project("{FAE04EC0-301F-11D3-BF4B-00C04F79EFBC}") = "C43-G03-C#054", "C43-G03-C#054.csproj", "{1EF20E07-4684-4302-B2B2-45FA5BBD913D}"
EndProject
Global
	GlobalSection(SolutionConfigurationPlatforms) = preSolution
		Debug|Any CPU = Debug|Any CPU
		Release|Any CPU = Release|Any CPU
	EndGlobalSection
	GlobalSection(ProjectConfigurationPlatforms) = postSolution
		{1EF20E07-4684-4302-B2B2-45FA5BBD913D}.Debug|Any CPU.ActiveCfg = Debug|Any CPU
		{1EF20E07-4684-4302-B2B2-45FA5BBD913D}.Debug|Any CPU.Build.0 = Debug|Any CPU
		{1EF20E07-4684-4302-B2B2-45FA5BBD913D}.Release|Any CPU.ActiveCfg = Release|Any CPU
		{1EF20E07-4684-4302-B2B2-45FA5BBD913D}.Release|Any CPU.Build.0 = Release|Any CPU
	EndGlobalSection
	GlobalSection(SolutionProperties) = preSolution
		HideSolutionNode = FALSE
	EndGlobalSection
	GlobalSection(ExtensibilityGlobals) = postSolution
		SolutionGuid = {3096624E-E18A-423B-B092-1A14D9E37399}
	EndGlobalSection
EndGlobal
